
Microsoft Visual Studio Solution File, Format Version 12.00
# Visual Studio Version 17
VisualStudioVersion = 17.12.35707.178
MinimumVisualStudioVersion = 10.0.40219.1
Project("{FAE04EC0-301F-11D3-BF4B-00C04F79EFBC}") = "Recursion", "Estructura De Datos\Recursion.csproj", "{3050119E-72DA-4DAA-ACE2-BBF72E3C2698}"
EndProject
Project("{FAE04EC0-301F-11D3-BF4B-00C04F79EFBC}") = "ListaLigada", "ListaLigada\ListaLigada.csproj", "{7528A644-3EDC-4AB3-B573-4B7C04740ED6}"
EndProject
Project("{FAE04EC0-301F-11D3-BF4B-00C04F79EFBC}") = "BurbleSort", "BurbleSort\BurbleSort.csproj", "{C0B2D96A-4D1C-4E27-97A3-CEAD4811B644}"
EndProject
Project("{FAE04EC0-301F-11D3-BF4B-00C04F79EFBC}") = "InsertionSort", "InsertionSort\InsertionSort.csproj", "{11E5BF50-F08C-444E-97AA-D94286C165D0}"
EndProject
Project("{FAE04EC0-301F-11D3-BF4B-00C04F79EFBC}") = "MergeSort", "MergeSort\MergeSort.csproj", "{0A400799-EDA5-49E0-A244-261C31EEC444}"
EndProject
Global
	GlobalSection(SolutionConfigurationPlatforms) = preSolution
		Debug|Any CPU = Debug|Any CPU
		Release|Any CPU = Release|Any CPU
	EndGlobalSection
	GlobalSection(ProjectConfigurationPlatforms) = postSolution
		{3050119E-72DA-4DAA-ACE2-BBF72E3C2698}.Debug|Any CPU.ActiveCfg = Debug|Any CPU
		{3050119E-72DA-4DAA-ACE2-BBF72E3C2698}.Debug|Any CPU.Build.0 = Debug|Any CPU
		{3050119E-72DA-4DAA-ACE2-BBF72E3C2698}.Release|Any CPU.ActiveCfg = Release|Any CPU
		{3050119E-72DA-4DAA-ACE2-BBF72E3C2698}.Release|Any CPU.Build.0 = Release|Any CPU
		{7528A644-3EDC-4AB3-B573-4B7C04740ED6}.Debug|Any CPU.ActiveCfg = Debug|Any CPU
		{7528A644-3EDC-4AB3-B573-4B7C04740ED6}.Debug|Any CPU.Build.0 = Debug|Any CPU
		{7528A644-3EDC-4AB3-B573-4B7C04740ED6}.Release|Any CPU.ActiveCfg = Release|Any CPU
		{7528A644-3EDC-4AB3-B573-4B7C04740ED6}.Release|Any CPU.Build.0 = Release|Any CPU
		{C0B2D96A-4D1C-4E27-97A3-CEAD4811B644}.Debug|Any CPU.ActiveCfg = Debug|Any CPU
		{C0B2D96A-4D1C-4E27-97A3-CEAD4811B644}.Debug|Any CPU.Build.0 = Debug|Any CPU
		{C0B2D96A-4D1C-4E27-97A3-CEAD4811B644}.Release|Any CPU.ActiveCfg = Release|Any CPU
		{C0B2D96A-4D1C-4E27-97A3-CEAD4811B644}.Release|Any CPU.Build.0 = Release|Any CPU
		{11E5BF50-F08C-444E-97AA-D94286C165D0}.Debug|Any CPU.ActiveCfg = Debug|Any CPU
		{11E5BF50-F08C-444E-97AA-D94286C165D0}.Debug|Any CPU.Build.0 = Debug|Any CPU
		{11E5BF50-F08C-444E-97AA-D94286C165D0}.Release|Any CPU.ActiveCfg = Release|Any CPU
		{11E5BF50-F08C-444E-97AA-D94286C165D0}.Release|Any CPU.Build.0 = Release|Any CPU
		{0A400799-EDA5-49E0-A244-261C31EEC444}.Debug|Any CPU.ActiveCfg = Debug|Any CPU
		{0A400799-EDA5-49E0-A244-261C31EEC444}.Debug|Any CPU.Build.0 = Debug|Any CPU
		{0A400799-EDA5-49E0-A244-261C31EEC444}.Release|Any CPU.ActiveCfg = Release|Any CPU
		{0A400799-EDA5-49E0-A244-261C31EEC444}.Release|Any CPU.Build.0 = Release|Any CPU
	EndGlobalSection
	GlobalSection(SolutionProperties) = preSolution
		HideSolutionNode = FALSE
	EndGlobalSection
EndGlobal
